// !$*UTF8*$!
{
	archiveVersion = 1;
	classes = {
	};
	objectVersion = 56;
	objects = {

/* Begin PBXBuildFile section */
		01A65CBCAF724E69B5B4D923030DF23E /* UnisightSampleAppApp.swift in Sources */ = {isa = PBXBuildFile; fileRef = 82EC9A280C1F4105A2D96D8370EE776D /* UnisightSampleAppApp.swift */; };
		66534A1A29264833B4CF20DC64FE394F /* ContentView.swift in Sources */ = {isa = PBXBuildFile; fileRef = 4CBCA76BDE3C49FAA97EC4FB6D719D79 /* ContentView.swift */; };
		13D81662EA53480FBEE13D04B5F5580F /* Assets.xcassets in Resources */ = {isa = PBXBuildFile; fileRef = B757AD4E1D6D4F058938F08711CCC206 /* Assets.xcassets */; };
		4B80451640E343ACAEAF8A2BB9A4F005 /* Preview Assets.xcassets in Resources */ = {isa = PBXBuildFile; fileRef = F9E4C543C192439186FEF14A1AAE5914 /* Preview Assets.xcassets */; };
		711D477DF9A54ED0AC4E62780FD81593 /* ProductListView.swift in Sources */ = {isa = PBXBuildFile; fileRef = 227053325AA34C9F936109B964ECF211 /* ProductListView.swift */; };
		DDAA270FC7B14C339AFC71951677FC1D /* ProductDetailView.swift in Sources */ = {isa = PBXBuildFile; fileRef = 6F3AB90F00E34539B8279726FF16CD78 /* ProductDetailView.swift */; };
		A717F9648FB54D2E9B0DE33439190A2F /* SettingsView.swift in Sources */ = {isa = PBXBuildFile; fileRef = E658535C959045D9A526C89D0A92245F /* SettingsView.swift */; };
		D7ED06E09CED46D686C8604A3F4E55A1 /* TelemetryService.swift in Sources */ = {isa = PBXBuildFile; fileRef = FC3FD335BA174A08906246D3D6AE6AE7 /* TelemetryService.swift */; };
/* End PBXBuildFile section */

/* Begin PBXFileReference section */
		01A65CBCAF724E69B5B4D923030DF23E /* UnisightSampleApp.app */ = {isa = PBXFileReference; explicitFileType = wrapper.application; includeInIndex = 0; path = UnisightSampleApp.app; sourceTree = BUILT_PRODUCTS_DIR; };
		82EC9A280C1F4105A2D96D8370EE776D /* UnisightSampleAppApp.swift */ = {isa = PBXFileReference; lastKnownFileType = sourcecode.swift; path = UnisightSampleAppApp.swift; sourceTree = "<group>"; };
		4CBCA76BDE3C49FAA97EC4FB6D719D79 /* ContentView.swift */ = {isa = PBXFileReference; lastKnownFileType = sourcecode.swift; path = ContentView.swift; sourceTree = "<group>"; };
		B757AD4E1D6D4F058938F08711CCC206 /* Assets.xcassets */ = {isa = PBXFileReference; lastKnownFileType = folder.assetcatalog; path = Assets.xcassets; sourceTree = "<group>"; };
		F9E4C543C192439186FEF14A1AAE5914 /* Preview Assets.xcassets */ = {isa = PBXFileReference; lastKnownFileType = folder.assetcatalog; path = "Preview Assets.xcassets"; sourceTree = "<group>"; };
		227053325AA34C9F936109B964ECF211 /* ProductListView.swift */ = {isa = PBXFileReference; lastKnownFileType = sourcecode.swift; path = ProductListView.swift; sourceTree = "<group>"; };
		6F3AB90F00E34539B8279726FF16CD78 /* ProductDetailView.swift */ = {isa = PBXFileReference; lastKnownFileType = sourcecode.swift; path = ProductDetailView.swift; sourceTree = "<group>"; };
		E658535C959045D9A526C89D0A92245F /* SettingsView.swift */ = {isa = PBXFileReference; lastKnownFileType = sourcecode.swift; path = SettingsView.swift; sourceTree = "<group>"; };
		FC3FD335BA174A08906246D3D6AE6AE7 /* TelemetryService.swift */ = {isa = PBXFileReference; lastKnownFileType = sourcecode.swift; path = TelemetryService.swift; sourceTree = "<group>"; };
		D62E717EEA20438E8EF4E810D7F2E803 /* Info.plist */ = {isa = PBXFileReference; lastKnownFileType = text.plist.xml; path = Info.plist; sourceTree = "<group>"; };
/* End PBXFileReference section */

/* Begin PBXFrameworksBuildPhase section */
		C4613989806F4CF2AD8841D8CCB7B5B9 /* Frameworks */ = {
			isa = PBXFrameworksBuildPhase;
			buildActionMask = 2147483647;
			files = (
			);
			runOnlyForDeploymentPostprocessing = 0;
		};
/* End PBXFrameworksBuildPhase section */

/* Begin PBXGroup section */
		37C6172C25E44CF2B5CCE304AB8FE184 = {
			isa = PBXGroup;
			children = (
				2D01DC6ACF1A418E9E0ACE0223EA6077 /* UnisightSampleApp */,
				96C369C9AAAC41A6AAA3EC2ED083FE80 /* Products */,
			);
			sourceTree = "<group>";
		};
		2D01DC6ACF1A418E9E0ACE0223EA6077 /* UnisightSampleApp */ = {
			isa = PBXGroup;
			children = (
				82EC9A280C1F4105A2D96D8370EE776D /* UnisightSampleAppApp.swift */,
				4CBCA76BDE3C49FAA97EC4FB6D719D79 /* ContentView.swift */,
				227053325AA34C9F936109B964ECF211 /* ProductListView.swift */,
				6F3AB90F00E34539B8279726FF16CD78 /* ProductDetailView.swift */,
				E658535C959045D9A526C89D0A92245F /* SettingsView.swift */,
				FC3FD335BA174A08906246D3D6AE6AE7 /* TelemetryService.swift */,
				B757AD4E1D6D4F058938F08711CCC206 /* Assets.xcassets */,
				D62E717EEA20438E8EF4E810D7F2E803 /* Info.plist */,
				AE61AB27F87C41B6AE61B1C8379488E6 /* Preview Content */,
			);
			path = UnisightSampleApp;
			sourceTree = "<group>";
		};
		96C369C9AAAC41A6AAA3EC2ED083FE80 /* Products */ = {
			isa = PBXGroup;
			children = (
				01A65CBCAF724E69B5B4D923030DF23E /* UnisightSampleApp.app */,
			);
			name = Products;
			sourceTree = "<group>";
		};
		AE61AB27F87C41B6AE61B1C8379488E6 /* Preview Content */ = {
			isa = PBXGroup;
			children = (
				F9E4C543C192439186FEF14A1AAE5914 /* Preview Assets.xcassets */,
			);
			path = "Preview Content";
			sourceTree = "<group>";
		};
/* End PBXGroup section */

/* Begin PBXNativeTarget section */
		8B11726C31F54F4198373249459DEC1F /* UnisightSampleApp */ = {
			isa = PBXNativeTarget;
			buildConfigurationList = E9D88E320C174D9188B088A7E5C085EF /* Build configuration list for PBXNativeTarget "UnisightSampleApp" */;
			buildPhases = (
				939B400CEE7B4DCA887182E49AE0E53C /* Sources */,
				C4613989806F4CF2AD8841D8CCB7B5B9 /* Frameworks */,
				12C5DA207E5B411FAFAA351466A2AFDD /* Resources */,
			);
			buildRules = (
			);
			dependencies = (
			);
			name = UnisightSampleApp;
			packageProductDependencies = (
			);
			productName = UnisightSampleApp;
			productReference = 01A65CBCAF724E69B5B4D923030DF23E /* UnisightSampleApp.app */;
			productType = "com.apple.product-type.application";
		};
/* End PBXNativeTarget section */

/* Begin PBXProject section */
		1F1E7896731E47439F4A90D6DDAD4FF6 /* Project object */ = {
			isa = PBXProject;
			attributes = {
				BuildIndependentTargetsInParallel = 1;
				LastSwiftUpdateCheck = 1500;
				LastUpgradeCheck = 1500;
				TargetAttributes = {
					8B11726C31F54F4198373249459DEC1F = {
						CreatedOnToolsVersion = 15.0;
					};
				};
			};
			buildConfigurationList = D8BAA7CE6592467688E8EF3687F3588A /* Build configuration list for PBXProject "UnisightSampleApp" */;
			compatibilityVersion = "Xcode 14.0";
			developmentRegion = en;
			hasScannedForEncodings = 0;
			knownRegions = (
				en,
				Base,
			);
			mainGroup = 37C6172C25E44CF2B5CCE304AB8FE184;
			productRefGroup = 96C369C9AAAC41A6AAA3EC2ED083FE80 /* Products */;
			projectDirPath = "";
			projectRoot = "";
			targets = (
				8B11726C31F54F4198373249459DEC1F /* UnisightSampleApp */,
			);
		};
/* End PBXProject section */

/* Begin PBXResourcesBuildPhase section */
		12C5DA207E5B411FAFAA351466A2AFDD /* Resources */ = {
			isa = PBXResourcesBuildPhase;
			buildActionMask = 2147483647;
			files = (
				4B80451640E343ACAEAF8A2BB9A4F005 /* Preview Assets.xcassets in Resources */,
				13D81662EA53480FBEE13D04B5F5580F /* Assets.xcassets in Resources */,
			);
			runOnlyForDeploymentPostprocessing = 0;
		};
/* End PBXResourcesBuildPhase section */

/* Begin PBXSourcesBuildPhase section */
		939B400CEE7B4DCA887182E49AE0E53C /* Sources */ = {
			isa = PBXSourcesBuildPhase;
			buildActionMask = 2147483647;
			files = (
				66534A1A29264833B4CF20DC64FE394F /* ContentView.swift in Sources */,
				711D477DF9A54ED0AC4E62780FD81593 /* ProductListView.swift in Sources */,
				DDAA270FC7B14C339AFC71951677FC1D /* ProductDetailView.swift in Sources */,
				A717F9648FB54D2E9B0DE33439190A2F /* SettingsView.swift in Sources */,
				D7ED06E09CED46D686C8604A3F4E55A1 /* TelemetryService.swift in Sources */,
				01A65CBCAF724E69B5B4D923030DF23E /* UnisightSampleAppApp.swift in Sources */,
			);
			runOnlyForDeploymentPostprocessing = 0;
		};
/* End PBXSourcesBuildPhase section */

/* Begin XCBuildConfiguration section */
		C876F004F5AB464D8EAF9DA759DD5FE7 /* Debug */ = {
			isa = XCBuildConfiguration;
			buildSettings = {
				ALWAYS_SEARCH_USER_PATHS = NO;
				ASSETCATALOG_COMPILER_GENERATE_SWIFT_ASSET_SYMBOL_EXTENSIONS = YES;
				CLANG_ANALYZER_NONNULL = YES;
				CLANG_ANALYZER_NUMBER_OBJECT_CONVERSION = YES_AGGRESSIVE;
				CLANG_CXX_LANGUAGE_STANDARD = "gnu++20";
				CLANG_ENABLE_MODULES = YES;
				CLANG_ENABLE_OBJC_ARC = YES;
				CLANG_ENABLE_OBJC_WEAK = YES;
				CLANG_WARN_BLOCK_CAPTURE_AUTORELEASING = YES;
				CLANG_WARN_BOOL_CONVERSION = YES;
				CLANG_WARN_COMMA = YES;
				CLANG_WARN_CONSTANT_CONVERSION = YES;
				CLANG_WARN_DEPRECATED_OBJC_IMPLEMENTATIONS = YES;
				CLANG_WARN_DIRECT_OBJC_ISA_USAGE = YES_ERROR;
				CLANG_WARN_DOCUMENTATION_COMMENTS = YES;
				CLANG_WARN_EMPTY_BODY = YES;
				CLANG_WARN_ENUM_CONVERSION = YES;
				CLANG_WARN_INFINITE_RECURSION = YES;
				CLANG_WARN_INT_CONVERSION = YES;
				CLANG_WARN_NON_LITERAL_NULL_CONVERSION = YES;
				CLANG_WARN_OBJC_IMPLICIT_RETAIN_SELF = YES;
				CLANG_WARN_OBJC_LITERAL_CONVERSION = YES;
				CLANG_WARN_OBJC_ROOT_CLASS = YES_ERROR;
				CLANG_WARN_QUOTED_INCLUDE_IN_FRAMEWORK_HEADER = YES;
				CLANG_WARN_RANGE_LOOP_ANALYSIS = YES;
				CLANG_WARN_STRICT_PROTOTYPES = YES;
				CLANG_WARN_SUSPICIOUS_MOVE = YES;
				CLANG_WARN_UNGUARDED_AVAILABILITY = YES_AGGRESSIVE;
				CLANG_WARN_UNREACHABLE_CODE = YES;
				CLANG_WARN__DUPLICATE_METHOD_MATCH = YES;
				COPY_PHASE_STRIP = NO;
				DEBUG_INFORMATION_FORMAT = dwarf;
				ENABLE_STRICT_OBJC_MSGSEND = YES;
				ENABLE_TESTABILITY = YES;
				ENABLE_USER_SCRIPT_SANDBOXING = YES;
				GCC_C_LANGUAGE_STANDARD = gnu17;
				GCC_DYNAMIC_NO_PIC = NO;
				GCC_NO_COMMON_BLOCKS = YES;
				GCC_OPTIMIZATION_LEVEL = 0;
				GCC_PREPROCESSOR_DEFINITIONS = (
					"DEBUG=1",
					"$(inherited)",
				);
				GCC_WARN_64_TO_32_BIT_CONVERSION = YES;
				GCC_WARN_ABOUT_RETURN_TYPE = YES_ERROR;
				GCC_WARN_UNDECLARED_SELECTOR = YES;
				GCC_WARN_UNINITIALIZED_AUTOS = YES_AGGRESSIVE;
				GCC_WARN_UNUSED_FUNCTION = YES;
				GCC_WARN_UNUSED_VARIABLE = YES;
				IPHONEOS_DEPLOYMENT_TARGET = 14.0;
				LOCALIZATION_PREFERS_STRING_CATALOGS = YES;
				MTL_ENABLE_DEBUG_INFO = INCLUDE_SOURCE;
				MTL_FAST_MATH = YES;
				ONLY_ACTIVE_ARCH = YES;
				SDKROOT = iphoneos;
				SWIFT_ACTIVE_COMPILATION_CONDITIONS = "DEBUG $(inherited)";
				SWIFT_OPTIMIZATION_LEVEL = "-Onone";
			};
			name = Debug;
		};
		4B79616AC59F4A4DAB2A301C36392088 /* Release */ = {
			isa = XCBuildConfiguration;
			buildSettings = {
				ALWAYS_SEARCH_USER_PATHS = NO;
				ASSETCATALOG_COMPILER_GENERATE_SWIFT_ASSET_SYMBOL_EXTENSIONS = YES;
				CLANG_ANALYZER_NONNULL = YES;
				CLANG_ANALYZER_NUMBER_OBJECT_CONVERSION = YES_AGGRESSIVE;
				CLANG_CXX_LANGUAGE_STANDARD = "gnu++20";
				CLANG_ENABLE_MODULES = YES;
				CLANG_ENABLE_OBJC_ARC = YES;
				CLANG_ENABLE_OBJC_WEAK = YES;
				CLANG_WARN_BLOCK_CAPTURE_AUTORELEASING = YES;
				CLANG_WARN_BOOL_CONVERSION = YES;
				CLANG_WARN_COMMA = YES;
				CLANG_WARN_CONSTANT_CONVERSION = YES;
				CLANG_WARN_DEPRECATED_OBJC_IMPLEMENTATIONS = YES;
				CLANG_WARN_DIRECT_OBJC_ISA_USAGE = YES_ERROR;
				CLANG_WARN_DOCUMENTATION_COMMENTS = YES;
				CLANG_WARN_EMPTY_BODY = YES;
				CLANG_WARN_ENUM_CONVERSION = YES;
				CLANG_WARN_INFINITE_RECURSION = YES;
				CLANG_WARN_INT_CONVERSION = YES;
				CLANG_WARN_NON_LITERAL_NULL_CONVERSION = YES;
				CLANG_WARN_OBJC_IMPLICIT_RETAIN_SELF = YES;
				CLANG_WARN_OBJC_LITERAL_CONVERSION = YES;
				CLANG_WARN_OBJC_ROOT_CLASS = YES_ERROR;
				CLANG_WARN_QUOTED_INCLUDE_IN_FRAMEWORK_HEADER = YES;
				CLANG_WARN_RANGE_LOOP_ANALYSIS = YES;
				CLANG_WARN_STRICT_PROTOTYPES = YES;
				CLANG_WARN_SUSPICIOUS_MOVE = YES;
				CLANG_WARN_UNGUARDED_AVAILABILITY = YES_AGGRESSIVE;
				CLANG_WARN_UNREACHABLE_CODE = YES;
				CLANG_WARN__DUPLICATE_METHOD_MATCH = YES;
				COPY_PHASE_STRIP = NO;
				DEBUG_INFORMATION_FORMAT = "dwarf-with-dsym";
				ENABLE_NS_ASSERTIONS = NO;
				ENABLE_STRICT_OBJC_MSGSEND = YES;
				ENABLE_USER_SCRIPT_SANDBOXING = YES;
				GCC_C_LANGUAGE_STANDARD = gnu17;
				GCC_NO_COMMON_BLOCKS = YES;
				GCC_WARN_64_TO_32_BIT_CONVERSION = YES;
				GCC_WARN_ABOUT_RETURN_TYPE = YES_ERROR;
				GCC_WARN_UNDECLARED_SELECTOR = YES;
				GCC_WARN_UNINITIALIZED_AUTOS = YES_AGGRESSIVE;
				GCC_WARN_UNUSED_FUNCTION = YES;
				GCC_WARN_UNUSED_VARIABLE = YES;
				IPHONEOS_DEPLOYMENT_TARGET = 14.0;
				LOCALIZATION_PREFERS_STRING_CATALOGS = YES;
				MTL_ENABLE_DEBUG_INFO = NO;
				MTL_FAST_MATH = YES;
				SDKROOT = iphoneos;
				SWIFT_COMPILATION_MODE = wholemodule;
				VALIDATE_PRODUCT = YES;
			};
			name = Release;
		};
		49E089BC05674E8EA33B1B1239209969 /* Debug */ = {
			isa = XCBuildConfiguration;
			buildSettings = {
				ASSETCATALOG_COMPILER_APPICON_NAME = AppIcon;
				ASSETCATALOG_COMPILER_GLOBAL_ACCENT_COLOR_NAME = AccentColor;
				CODE_SIGN_STYLE = Automatic;
				CURRENT_PROJECT_VERSION = 1;
				DEVELOPMENT_ASSET_PATHS = "\"UnisightSampleApp/Preview Content\"";
				DEVELOPMENT_TEAM = "";
				ENABLE_PREVIEWS = YES;
				GENERATE_INFOPLIST_FILE = YES;
				INFOPLIST_FILE = UnisightSampleApp/Info.plist;
				INFOPLIST_KEY_UIApplicationSceneManifest_Generation = YES;
				INFOPLIST_KEY_UIApplicationSupportsIndirectInputEvents = YES;
				INFOPLIST_KEY_UILaunchScreen_Generation = YES;
				INFOPLIST_KEY_UISupportedInterfaceOrientations_iPad = "UIInterfaceOrientationPortrait UIInterfaceOrientationPortraitUpsideDown UIInterfaceOrientationLandscapeLeft UIInterfaceOrientationLandscapeRight";
				INFOPLIST_KEY_UISupportedInterfaceOrientations_iPhone = "UIInterfaceOrientationPortrait UIInterfaceOrientationLandscapeLeft UIInterfaceOrientationLandscapeRight";
				IPHONEOS_DEPLOYMENT_TARGET = 14.0;
				LD_RUNPATH_SEARCH_PATHS = (
					"$(inherited)",
					"@executable_path/Frameworks",
				);
				MARKETING_VERSION = 1.0;
				PRODUCT_BUNDLE_IDENTIFIER = com.unisight.sampleapp;
				PRODUCT_NAME = "$(TARGET_NAME)";
				SWIFT_EMIT_LOC_STRINGS = YES;
				SWIFT_VERSION = 5.0;
				TARGETED_DEVICE_FAMILY = "1,2";
			};
			name = Debug;
		};
		CC0FBAAE5A734869ADD1FAEE0762C5A1 /* Release */ = {
			isa = XCBuildConfiguration;
			buildSettings = {
				ASSETCATALOG_COMPILER_APPICON_NAME = AppIcon;
				ASSETCATALOG_COMPILER_GLOBAL_ACCENT_COLOR_NAME = AccentColor;
				CODE_SIGN_STYLE = Automatic;
				CURRENT_PROJECT_VERSION = 1;
				DEVELOPMENT_ASSET_PATHS = "\"UnisightSampleApp/Preview Content\"";
				DEVELOPMENT_TEAM = "";
				ENABLE_PREVIEWS = YES;
				GENERATE_INFOPLIST_FILE = YES;
				INFOPLIST_FILE = UnisightSampleApp/Info.plist;
				INFOPLIST_KEY_UIApplicationSceneManifest_Generation = YES;
				INFOPLIST_KEY_UIApplicationSupportsIndirectInputEvents = YES;
				INFOPLIST_KEY_UILaunchScreen_Generation = YES;
				INFOPLIST_KEY_UISupportedInterfaceOrientations_iPad = "UIInterfaceOrientationPortrait UIInterfaceOrientationPortraitUpsideDown UIInterfaceOrientationLandscapeLeft UIInterfaceOrientationLandscapeRight";
				INFOPLIST_KEY_UISupportedInterfaceOrientations_iPhone = "UIInterfaceOrientationPortrait UIInterfaceOrientationLandscapeLeft UIInterfaceOrientationLandscapeRight";
				IPHONEOS_DEPLOYMENT_TARGET = 14.0;
				LD_RUNPATH_SEARCH_PATHS = (
					"$(inherited)",
					"@executable_path/Frameworks",
				);
				MARKETING_VERSION = 1.0;
				PRODUCT_BUNDLE_IDENTIFIER = com.unisight.sampleapp;
				PRODUCT_NAME = "$(TARGET_NAME)";
				SWIFT_EMIT_LOC_STRINGS = YES;
				SWIFT_VERSION = 5.0;
				TARGETED_DEVICE_FAMILY = "1,2";
			};
			name = Release;
		};
/* End XCBuildConfiguration section */

/* Begin XCConfigurationList section */
		D8BAA7CE6592467688E8EF3687F3588A /* Build configuration list for PBXProject "UnisightSampleApp" */ = {
			isa = XCConfigurationList;
			buildConfigurations = (
				C876F004F5AB464D8EAF9DA759DD5FE7 /* Debug */,
				4B79616AC59F4A4DAB2A301C36392088 /* Release */,
			);
			defaultConfigurationIsVisible = 0;
			defaultConfigurationName = Release;
		};
		E9D88E320C174D9188B088A7E5C085EF /* Build configuration list for PBXNativeTarget "UnisightSampleApp" */ = {
			isa = XCConfigurationList;
			buildConfigurations = (
				49E089BC05674E8EA33B1B1239209969 /* Debug */,
				CC0FBAAE5A734869ADD1FAEE0762C5A1 /* Release */,
			);
			defaultConfigurationIsVisible = 0;
			defaultConfigurationName = Release;
		};
/* End XCConfigurationList section */
	};
	rootObject = 1F1E7896731E47439F4A90D6DDAD4FF6 /* Project object */;
}